// !$*UTF8*$!
{
	archiveVersion = 1;
	classes = {
	};
	objectVersion = 56;
	objects = {

/* Begin PBXBuildFile section */
		CE39BDA8297E9D4C00FC5CEA /* PaymentAccountsView.swift in Sources */ = {isa = PBXBuildFile; fileRef = CE39BDA7297E9D4C00FC5CEA /* PaymentAccountsView.swift */; };
		CE39BDAA297E9D6F00FC5CEA /* PllStatusViewModel.swift in Sources */ = {isa = PBXBuildFile; fileRef = CE39BDA9297E9D6F00FC5CEA /* PllStatusViewModel.swift */; };
		CE689235297FF3C50051CD33 /* ContentViewModel.swift in Sources */ = {isa = PBXBuildFile; fileRef = CE689234297FF3C50051CD33 /* ContentViewModel.swift */; };
		CE881CEA298037000060D94A /* LoyaltyCardView.swift in Sources */ = {isa = PBXBuildFile; fileRef = CE881CE9298037000060D94A /* LoyaltyCardView.swift */; };
		CE8D07D6297865E0009E023A /* PllStatusView.swift in Sources */ = {isa = PBXBuildFile; fileRef = CE8D07D5297865E0009E023A /* PllStatusView.swift */; };
		CEC5FEC42987BF01002DB763 /* MessageView.swift in Sources */ = {isa = PBXBuildFile; fileRef = CEC5FEC32987BF01002DB763 /* MessageView.swift */; };
		CEDDDFD729771068008734F4 /* Test_DKApp.swift in Sources */ = {isa = PBXBuildFile; fileRef = CEDDDFD629771068008734F4 /* Test_DKApp.swift */; };
		CEDDDFD929771068008734F4 /* ContentView.swift in Sources */ = {isa = PBXBuildFile; fileRef = CEDDDFD829771068008734F4 /* ContentView.swift */; };
		CEDDDFDB2977106B008734F4 /* Assets.xcassets in Resources */ = {isa = PBXBuildFile; fileRef = CEDDDFDA2977106B008734F4 /* Assets.xcassets */; };
		CEDDDFDE2977106B008734F4 /* Preview Assets.xcassets in Resources */ = {isa = PBXBuildFile; fileRef = CEDDDFDD2977106B008734F4 /* Preview Assets.xcassets */; };
		CEE8EE3829797B2200E0F9D7 /* BinkPayments in Frameworks */ = {isa = PBXBuildFile; productRef = CEE8EE3729797B2200E0F9D7 /* BinkPayments */; };
/* End PBXBuildFile section */

/* Begin PBXFileReference section */
		CE39BDA7297E9D4C00FC5CEA /* PaymentAccountsView.swift */ = {isa = PBXFileReference; lastKnownFileType = sourcecode.swift; path = PaymentAccountsView.swift; sourceTree = "<group>"; };
		CE39BDA9297E9D6F00FC5CEA /* PllStatusViewModel.swift */ = {isa = PBXFileReference; lastKnownFileType = sourcecode.swift; path = PllStatusViewModel.swift; sourceTree = "<group>"; };
		CE689234297FF3C50051CD33 /* ContentViewModel.swift */ = {isa = PBXFileReference; lastKnownFileType = sourcecode.swift; path = ContentViewModel.swift; sourceTree = "<group>"; };
		CE881CE9298037000060D94A /* LoyaltyCardView.swift */ = {isa = PBXFileReference; lastKnownFileType = sourcecode.swift; path = LoyaltyCardView.swift; sourceTree = "<group>"; };
		CE8D07D5297865E0009E023A /* PllStatusView.swift */ = {isa = PBXFileReference; lastKnownFileType = sourcecode.swift; path = PllStatusView.swift; sourceTree = "<group>"; };
		CEC5FEC32987BF01002DB763 /* MessageView.swift */ = {isa = PBXFileReference; fileEncoding = 4; lastKnownFileType = sourcecode.swift; path = MessageView.swift; sourceTree = "<group>"; };
		CEDDDFD329771068008734F4 /* Test-DK.app */ = {isa = PBXFileReference; explicitFileType = wrapper.application; includeInIndex = 0; path = "Test-DK.app"; sourceTree = BUILT_PRODUCTS_DIR; };
		CEDDDFD629771068008734F4 /* Test_DKApp.swift */ = {isa = PBXFileReference; lastKnownFileType = sourcecode.swift; path = Test_DKApp.swift; sourceTree = "<group>"; };
		CEDDDFD829771068008734F4 /* ContentView.swift */ = {isa = PBXFileReference; lastKnownFileType = sourcecode.swift; path = ContentView.swift; sourceTree = "<group>"; };
		CEDDDFDA2977106B008734F4 /* Assets.xcassets */ = {isa = PBXFileReference; lastKnownFileType = folder.assetcatalog; path = Assets.xcassets; sourceTree = "<group>"; };
		CEDDDFDD2977106B008734F4 /* Preview Assets.xcassets */ = {isa = PBXFileReference; lastKnownFileType = folder.assetcatalog; path = "Preview Assets.xcassets"; sourceTree = "<group>"; };
/* End PBXFileReference section */

/* Begin PBXFrameworksBuildPhase section */
		CEDDDFD029771068008734F4 /* Frameworks */ = {
			isa = PBXFrameworksBuildPhase;
			buildActionMask = 2147483647;
			files = (
				CEE8EE3829797B2200E0F9D7 /* BinkPayments in Frameworks */,
			);
			runOnlyForDeploymentPostprocessing = 0;
		};
/* End PBXFrameworksBuildPhase section */

/* Begin PBXGroup section */
		CEDDDFCA29771068008734F4 = {
			isa = PBXGroup;
			children = (
				CEDDDFD529771068008734F4 /* Test-DK */,
				CEDDDFD429771068008734F4 /* Products */,
			);
			sourceTree = "<group>";
		};
		CEDDDFD429771068008734F4 /* Products */ = {
			isa = PBXGroup;
			children = (
				CEDDDFD329771068008734F4 /* Test-DK.app */,
			);
			name = Products;
			sourceTree = "<group>";
		};
		CEDDDFD529771068008734F4 /* Test-DK */ = {
			isa = PBXGroup;
			children = (
				CEDDDFD629771068008734F4 /* Test_DKApp.swift */,
				CEDDDFD829771068008734F4 /* ContentView.swift */,
				CE689234297FF3C50051CD33 /* ContentViewModel.swift */,
				CE881CE9298037000060D94A /* LoyaltyCardView.swift */,
				CE8D07D5297865E0009E023A /* PllStatusView.swift */,
				CE39BDA9297E9D6F00FC5CEA /* PllStatusViewModel.swift */,
				CE39BDA7297E9D4C00FC5CEA /* PaymentAccountsView.swift */,
				CEC5FEC32987BF01002DB763 /* MessageView.swift */,
				CEDDDFDA2977106B008734F4 /* Assets.xcassets */,
				CEDDDFDC2977106B008734F4 /* Preview Content */,
			);
			path = "Test-DK";
			sourceTree = "<group>";
		};
		CEDDDFDC2977106B008734F4 /* Preview Content */ = {
			isa = PBXGroup;
			children = (
				CEDDDFDD2977106B008734F4 /* Preview Assets.xcassets */,
			);
			path = "Preview Content";
			sourceTree = "<group>";
		};
/* End PBXGroup section */

/* Begin PBXNativeTarget section */
		CEDDDFD229771068008734F4 /* Test-DK */ = {
			isa = PBXNativeTarget;
			buildConfigurationList = CEDDDFE12977106B008734F4 /* Build configuration list for PBXNativeTarget "Test-DK" */;
			buildPhases = (
				CEDDDFCF29771068008734F4 /* Sources */,
				CEDDDFD029771068008734F4 /* Frameworks */,
				CEDDDFD129771068008734F4 /* Resources */,
			);
			buildRules = (
			);
			dependencies = (
			);
			name = "Test-DK";
			packageProductDependencies = (
				CEE8EE3729797B2200E0F9D7 /* BinkPayments */,
			);
			productName = "Test-DK";
			productReference = CEDDDFD329771068008734F4 /* Test-DK.app */;
			productType = "com.apple.product-type.application";
		};
/* End PBXNativeTarget section */

/* Begin PBXProject section */
		CEDDDFCB29771068008734F4 /* Project object */ = {
			isa = PBXProject;
			attributes = {
				BuildIndependentTargetsInParallel = 1;
				LastSwiftUpdateCheck = 1410;
				LastUpgradeCheck = 1410;
				TargetAttributes = {
					CEDDDFD229771068008734F4 = {
						CreatedOnToolsVersion = 14.1;
					};
				};
			};
			buildConfigurationList = CEDDDFCE29771068008734F4 /* Build configuration list for PBXProject "Test-DK" */;
			compatibilityVersion = "Xcode 14.0";
			developmentRegion = en;
			hasScannedForEncodings = 0;
			knownRegions = (
				en,
				Base,
			);
			mainGroup = CEDDDFCA29771068008734F4;
			packageReferences = (
				CEE8EE3629797B2200E0F9D7 /* XCRemoteSwiftPackageReference "ios-bink-payments" */,
			);
			productRefGroup = CEDDDFD429771068008734F4 /* Products */;
			projectDirPath = "";
			projectRoot = "";
			targets = (
				CEDDDFD229771068008734F4 /* Test-DK */,
			);
		};
/* End PBXProject section */

/* Begin PBXResourcesBuildPhase section */
		CEDDDFD129771068008734F4 /* Resources */ = {
			isa = PBXResourcesBuildPhase;
			buildActionMask = 2147483647;
			files = (
				CEDDDFDE2977106B008734F4 /* Preview Assets.xcassets in Resources */,
				CEDDDFDB2977106B008734F4 /* Assets.xcassets in Resources */,
			);
			runOnlyForDeploymentPostprocessing = 0;
		};
/* End PBXResourcesBuildPhase section */

/* Begin PBXSourcesBuildPhase section */
		CEDDDFCF29771068008734F4 /* Sources */ = {
			isa = PBXSourcesBuildPhase;
			buildActionMask = 2147483647;
			files = (
				CEDDDFD929771068008734F4 /* ContentView.swift in Sources */,
				CE8D07D6297865E0009E023A /* PllStatusView.swift in Sources */,
				CE689235297FF3C50051CD33 /* ContentViewModel.swift in Sources */,
				CEDDDFD729771068008734F4 /* Test_DKApp.swift in Sources */,
				CEC5FEC42987BF01002DB763 /* MessageView.swift in Sources */,
				CE39BDA8297E9D4C00FC5CEA /* PaymentAccountsView.swift in Sources */,
				CE881CEA298037000060D94A /* LoyaltyCardView.swift in Sources */,
				CE39BDAA297E9D6F00FC5CEA /* PllStatusViewModel.swift in Sources */,
			);
			runOnlyForDeploymentPostprocessing = 0;
		};
/* End PBXSourcesBuildPhase section */

/* Begin XCBuildConfiguration section */
		CEDDDFDF2977106B008734F4 /* Debug */ = {
			isa = XCBuildConfiguration;
			buildSettings = {
				ALWAYS_SEARCH_USER_PATHS = NO;
				CLANG_ANALYZER_NONNULL = YES;
				CLANG_ANALYZER_NUMBER_OBJECT_CONVERSION = YES_AGGRESSIVE;
				CLANG_CXX_LANGUAGE_STANDARD = "gnu++20";
				CLANG_ENABLE_MODULES = YES;
				CLANG_ENABLE_OBJC_ARC = YES;
				CLANG_ENABLE_OBJC_WEAK = YES;
				CLANG_WARN_BLOCK_CAPTURE_AUTORELEASING = YES;
				CLANG_WARN_BOOL_CONVERSION = YES;
				CLANG_WARN_COMMA = YES;
				CLANG_WARN_CONSTANT_CONVERSION = YES;
				CLANG_WARN_DEPRECATED_OBJC_IMPLEMENTATIONS = YES;
				CLANG_WARN_DIRECT_OBJC_ISA_USAGE = YES_ERROR;
				CLANG_WARN_DOCUMENTATION_COMMENTS = YES;
				CLANG_WARN_EMPTY_BODY = YES;
				CLANG_WARN_ENUM_CONVERSION = YES;
				CLANG_WARN_INFINITE_RECURSION = YES;
				CLANG_WARN_INT_CONVERSION = YES;
				CLANG_WARN_NON_LITERAL_NULL_CONVERSION = YES;
				CLANG_WARN_OBJC_IMPLICIT_RETAIN_SELF = YES;
				CLANG_WARN_OBJC_LITERAL_CONVERSION = YES;
				CLANG_WARN_OBJC_ROOT_CLASS = YES_ERROR;
				CLANG_WARN_QUOTED_INCLUDE_IN_FRAMEWORK_HEADER = YES;
				CLANG_WARN_RANGE_LOOP_ANALYSIS = YES;
				CLANG_WARN_STRICT_PROTOTYPES = YES;
				CLANG_WARN_SUSPICIOUS_MOVE = YES;
				CLANG_WARN_UNGUARDED_AVAILABILITY = YES_AGGRESSIVE;
				CLANG_WARN_UNREACHABLE_CODE = YES;
				CLANG_WARN__DUPLICATE_METHOD_MATCH = YES;
				COPY_PHASE_STRIP = NO;
				DEBUG_INFORMATION_FORMAT = dwarf;
				ENABLE_STRICT_OBJC_MSGSEND = YES;
				ENABLE_TESTABILITY = YES;
				GCC_C_LANGUAGE_STANDARD = gnu11;
				GCC_DYNAMIC_NO_PIC = NO;
				GCC_NO_COMMON_BLOCKS = YES;
				GCC_OPTIMIZATION_LEVEL = 0;
				GCC_PREPROCESSOR_DEFINITIONS = (
					"DEBUG=1",
					"$(inherited)",
				);
				GCC_WARN_64_TO_32_BIT_CONVERSION = YES;
				GCC_WARN_ABOUT_RETURN_TYPE = YES_ERROR;
				GCC_WARN_UNDECLARED_SELECTOR = YES;
				GCC_WARN_UNINITIALIZED_AUTOS = YES_AGGRESSIVE;
				GCC_WARN_UNUSED_FUNCTION = YES;
				GCC_WARN_UNUSED_VARIABLE = YES;
				IPHONEOS_DEPLOYMENT_TARGET = 15.0;
				MTL_ENABLE_DEBUG_INFO = INCLUDE_SOURCE;
				MTL_FAST_MATH = YES;
				ONLY_ACTIVE_ARCH = YES;
				SDKROOT = iphoneos;
				SWIFT_ACTIVE_COMPILATION_CONDITIONS = DEBUG;
				SWIFT_OPTIMIZATION_LEVEL = "-Onone";
			};
			name = Debug;
		};
		CEDDDFE02977106B008734F4 /* Release */ = {
			isa = XCBuildConfiguration;
			buildSettings = {
				ALWAYS_SEARCH_USER_PATHS = NO;
				CLANG_ANALYZER_NONNULL = YES;
				CLANG_ANALYZER_NUMBER_OBJECT_CONVERSION = YES_AGGRESSIVE;
				CLANG_CXX_LANGUAGE_STANDARD = "gnu++20";
				CLANG_ENABLE_MODULES = YES;
				CLANG_ENABLE_OBJC_ARC = YES;
				CLANG_ENABLE_OBJC_WEAK = YES;
				CLANG_WARN_BLOCK_CAPTURE_AUTORELEASING = YES;
				CLANG_WARN_BOOL_CONVERSION = YES;
				CLANG_WARN_COMMA = YES;
				CLANG_WARN_CONSTANT_CONVERSION = YES;
				CLANG_WARN_DEPRECATED_OBJC_IMPLEMENTATIONS = YES;
				CLANG_WARN_DIRECT_OBJC_ISA_USAGE = YES_ERROR;
				CLANG_WARN_DOCUMENTATION_COMMENTS = YES;
				CLANG_WARN_EMPTY_BODY = YES;
				CLANG_WARN_ENUM_CONVERSION = YES;
				CLANG_WARN_INFINITE_RECURSION = YES;
				CLANG_WARN_INT_CONVERSION = YES;
				CLANG_WARN_NON_LITERAL_NULL_CONVERSION = YES;
				CLANG_WARN_OBJC_IMPLICIT_RETAIN_SELF = YES;
				CLANG_WARN_OBJC_LITERAL_CONVERSION = YES;
				CLANG_WARN_OBJC_ROOT_CLASS = YES_ERROR;
				CLANG_WARN_QUOTED_INCLUDE_IN_FRAMEWORK_HEADER = YES;
				CLANG_WARN_RANGE_LOOP_ANALYSIS = YES;
				CLANG_WARN_STRICT_PROTOTYPES = YES;
				CLANG_WARN_SUSPICIOUS_MOVE = YES;
				CLANG_WARN_UNGUARDED_AVAILABILITY = YES_AGGRESSIVE;
				CLANG_WARN_UNREACHABLE_CODE = YES;
				CLANG_WARN__DUPLICATE_METHOD_MATCH = YES;
				COPY_PHASE_STRIP = NO;
				DEBUG_INFORMATION_FORMAT = "dwarf-with-dsym";
				ENABLE_NS_ASSERTIONS = NO;
				ENABLE_STRICT_OBJC_MSGSEND = YES;
				GCC_C_LANGUAGE_STANDARD = gnu11;
				GCC_NO_COMMON_BLOCKS = YES;
				GCC_WARN_64_TO_32_BIT_CONVERSION = YES;
				GCC_WARN_ABOUT_RETURN_TYPE = YES_ERROR;
				GCC_WARN_UNDECLARED_SELECTOR = YES;
				GCC_WARN_UNINITIALIZED_AUTOS = YES_AGGRESSIVE;
				GCC_WARN_UNUSED_FUNCTION = YES;
				GCC_WARN_UNUSED_VARIABLE = YES;
				IPHONEOS_DEPLOYMENT_TARGET = 15.0;
				MTL_ENABLE_DEBUG_INFO = NO;
				MTL_FAST_MATH = YES;
				SDKROOT = iphoneos;
				SWIFT_COMPILATION_MODE = wholemodule;
				SWIFT_OPTIMIZATION_LEVEL = "-O";
				VALIDATE_PRODUCT = YES;
			};
			name = Release;
		};
		CEDDDFE22977106B008734F4 /* Debug */ = {
			isa = XCBuildConfiguration;
			buildSettings = {
				ASSETCATALOG_COMPILER_APPICON_NAME = AppIcon;
				ASSETCATALOG_COMPILER_GLOBAL_ACCENT_COLOR_NAME = AccentColor;
				CODE_SIGN_IDENTITY = "Apple Distribution: Loyalty Angels Ltd (HC34M8YE55)";
				"CODE_SIGN_IDENTITY[sdk=iphoneos*]" = "Apple Distribution: Loyalty Angels Ltd (HC34M8YE55)";
				CODE_SIGN_STYLE = Manual;
				CURRENT_PROJECT_VERSION = 6;
				DEVELOPMENT_ASSET_PATHS = "\"Test-DK/Preview Content\"";
				DEVELOPMENT_TEAM = HC34M8YE55;
				"DEVELOPMENT_TEAM[sdk=iphoneos*]" = HC34M8YE55;
				ENABLE_PREVIEWS = YES;
				GENERATE_INFOPLIST_FILE = YES;
				INFOPLIST_FILE = "Test-DK/Info.plist";
				INFOPLIST_KEY_CFBundleDisplayName = "Bink-SDK";
				INFOPLIST_KEY_NSCameraUsageDescription = "\"We would like access to your camera so you can scan your payment card\"";
				INFOPLIST_KEY_UIApplicationSceneManifest_Generation = YES;
				INFOPLIST_KEY_UIApplicationSupportsIndirectInputEvents = YES;
				INFOPLIST_KEY_UILaunchScreen_Generation = YES;
				INFOPLIST_KEY_UISupportedInterfaceOrientations = "UIInterfaceOrientationLandscapeLeft UIInterfaceOrientationLandscapeRight UIInterfaceOrientationPortrait";
				INFOPLIST_KEY_UISupportedInterfaceOrientations_iPad = "UIInterfaceOrientationLandscapeLeft UIInterfaceOrientationLandscapeRight UIInterfaceOrientationPortrait UIInterfaceOrientationPortraitUpsideDown";
				LD_RUNPATH_SEARCH_PATHS = (
					"$(inherited)",
					"@executable_path/Frameworks",
				);
				MARKETING_VERSION = 1.0;
				PRODUCT_BUNDLE_IDENTIFIER = com.bink.sdk.testing;
				PRODUCT_NAME = "$(TARGET_NAME)";
				PROVISIONING_PROFILE_SPECIFIER = "match AppStore com.bink.sdk.testing";
				"PROVISIONING_PROFILE_SPECIFIER[sdk=iphoneos*]" = "match AppStore com.bink.sdk.testing";
				SWIFT_EMIT_LOC_STRINGS = YES;
				SWIFT_VERSION = 5.0;
				TARGETED_DEVICE_FAMILY = "1,2";
			};
			name = Debug;
		};
		CEDDDFE32977106B008734F4 /* Release */ = {
			isa = XCBuildConfiguration;
			buildSettings = {
				ASSETCATALOG_COMPILER_APPICON_NAME = AppIcon;
				ASSETCATALOG_COMPILER_GLOBAL_ACCENT_COLOR_NAME = AccentColor;
				CODE_SIGN_IDENTITY = "Apple Distribution: Loyalty Angels Ltd (HC34M8YE55)";
				"CODE_SIGN_IDENTITY[sdk=iphoneos*]" = "Apple Distribution: Loyalty Angels Ltd (HC34M8YE55)";
				CODE_SIGN_STYLE = Manual;
				CURRENT_PROJECT_VERSION = 6;
				DEVELOPMENT_ASSET_PATHS = "\"Test-DK/Preview Content\"";
				DEVELOPMENT_TEAM = HC34M8YE55;
				"DEVELOPMENT_TEAM[sdk=iphoneos*]" = HC34M8YE55;
				ENABLE_PREVIEWS = YES;
				GENERATE_INFOPLIST_FILE = YES;
				INFOPLIST_FILE = "Test-DK/Info.plist";
				INFOPLIST_KEY_CFBundleDisplayName = "Bink-SDK";
				INFOPLIST_KEY_NSCameraUsageDescription = "\"We would like access to your camera so you can scan your payment card\"";
				INFOPLIST_KEY_UIApplicationSceneManifest_Generation = YES;
				INFOPLIST_KEY_UIApplicationSupportsIndirectInputEvents = YES;
				INFOPLIST_KEY_UILaunchScreen_Generation = YES;
				INFOPLIST_KEY_UISupportedInterfaceOrientations = "UIInterfaceOrientationLandscapeLeft UIInterfaceOrientationLandscapeRight UIInterfaceOrientationPortrait";
				INFOPLIST_KEY_UISupportedInterfaceOrientations_iPad = "UIInterfaceOrientationLandscapeLeft UIInterfaceOrientationLandscapeRight UIInterfaceOrientationPortrait UIInterfaceOrientationPortraitUpsideDown";
				LD_RUNPATH_SEARCH_PATHS = (
					"$(inherited)",
					"@executable_path/Frameworks",
				);
				MARKETING_VERSION = 1.0;
				PRODUCT_BUNDLE_IDENTIFIER = com.bink.sdk.testing;
				PRODUCT_NAME = "$(TARGET_NAME)";
				PROVISIONING_PROFILE_SPECIFIER = "match AppStore com.bink.sdk.testing";
				"PROVISIONING_PROFILE_SPECIFIER[sdk=iphoneos*]" = "match AppStore com.bink.sdk.testing";
				SWIFT_EMIT_LOC_STRINGS = YES;
				SWIFT_VERSION = 5.0;
				TARGETED_DEVICE_FAMILY = "1,2";
			};
			name = Release;
		};
/* End XCBuildConfiguration section */

/* Begin XCConfigurationList section */
		CEDDDFCE29771068008734F4 /* Build configuration list for PBXProject "Test-DK" */ = {
			isa = XCConfigurationList;
			buildConfigurations = (
				CEDDDFDF2977106B008734F4 /* Debug */,
				CEDDDFE02977106B008734F4 /* Release */,
			);
			defaultConfigurationIsVisible = 0;
			defaultConfigurationName = Release;
		};
		CEDDDFE12977106B008734F4 /* Build configuration list for PBXNativeTarget "Test-DK" */ = {
			isa = XCConfigurationList;
			buildConfigurations = (
				CEDDDFE22977106B008734F4 /* Debug */,
				CEDDDFE32977106B008734F4 /* Release */,
			);
			defaultConfigurationIsVisible = 0;
			defaultConfigurationName = Release;
		};
/* End XCConfigurationList section */

/* Begin XCRemoteSwiftPackageReference section */
		CEE8EE3629797B2200E0F9D7 /* XCRemoteSwiftPackageReference "ios-bink-payments" */ = {
			isa = XCRemoteSwiftPackageReference;
			repositoryURL = "git@github.com:binkhq/ios-bink-payments.git";
			requirement = {
				branch = develop;
				kind = branch;
			};
		};
/* End XCRemoteSwiftPackageReference section */

/* Begin XCSwiftPackageProductDependency section */
		CEE8EE3729797B2200E0F9D7 /* BinkPayments */ = {
			isa = XCSwiftPackageProductDependency;
			package = CEE8EE3629797B2200E0F9D7 /* XCRemoteSwiftPackageReference "ios-bink-payments" */;
			productName = BinkPayments;
		};
/* End XCSwiftPackageProductDependency section */
	};
	rootObject = CEDDDFCB29771068008734F4 /* Project object */;
}
